
Microsoft Visual Studio Solution File, Format Version 12.00
# Visual Studio Version 17
VisualStudioVersion = 17.0.31903.59
MinimumVisualStudioVersion = 10.0.40219.1
Project("{2150E333-8FDC-42A3-9474-1A3956D46DE8}") = "src", "src", "{6A35637E-2731-4C16-8476-14E3E5D026E5}"
EndProject
Project("{FAE04EC0-301F-11D3-BF4B-00C04F79EFBC}") = "EXAM_SYSTEM_API.API", "src\API\EXAM_SYSTEM_API.API.csproj", "{2FDC7C44-B641-4130-9DB5-E4F99EA11E7D}"
EndProject
Project("{FAE04EC0-301F-11D3-BF4B-00C04F79EFBC}") = "EXAM_SYSTEM_API.Application", "src\Application\EXAM_SYSTEM_API.Application.csproj", "{7F440FD1-8144-4E61-ABCB-CEE31C26DC3F}"
EndProject
Project("{FAE04EC0-301F-11D3-BF4B-00C04F79EFBC}") = "EXAM_SYSTEM_API.Domain", "src\Domain\EXAM_SYSTEM_API.Domain.csproj", "{C29AE48A-8ED5-4FFD-8A0D-F34261EAF4ED}"
EndProject
Project("{FAE04EC0-301F-11D3-BF4B-00C04F79EFBC}") = "EXAM_SYSTEM_API.Infrastructure", "src\Infrastructure\EXAM_SYSTEM_API.Infrastructure.csproj", "{EC5BBC24-DDEF-48CF-8D43-609ED0F91A73}"
EndProject
Project("{2150E333-8FDC-42A3-9474-1A3956D46DE8}") = "tests", "tests", "{2FE164F9-FDCD-48DF-8D5F-2659AA2FB123}"
EndProject
Project("{FAE04EC0-301F-11D3-BF4B-00C04F79EFBC}") = "EXAM_SYSTEM_API.Application.Tests", "tests\Application.Tests\EXAM_SYSTEM_API.Application.Tests.csproj", "{3C89DEC0-52A4-4D01-AF4F-9BB6E33312C8}"
EndProject
Global
	GlobalSection(SolutionConfigurationPlatforms) = preSolution
		Debug|Any CPU = Debug|Any CPU
		Release|Any CPU = Release|Any CPU
	EndGlobalSection
	GlobalSection(SolutionProperties) = preSolution
		HideSolutionNode = FALSE
	EndGlobalSection
	GlobalSection(ProjectConfigurationPlatforms) = postSolution
		{2FDC7C44-B641-4130-9DB5-E4F99EA11E7D}.Debug|Any CPU.ActiveCfg = Debug|Any CPU
		{2FDC7C44-B641-4130-9DB5-E4F99EA11E7D}.Debug|Any CPU.Build.0 = Debug|Any CPU
		{2FDC7C44-B641-4130-9DB5-E4F99EA11E7D}.Release|Any CPU.ActiveCfg = Release|Any CPU
		{2FDC7C44-B641-4130-9DB5-E4F99EA11E7D}.Release|Any CPU.Build.0 = Release|Any CPU
		{7F440FD1-8144-4E61-ABCB-CEE31C26DC3F}.Debug|Any CPU.ActiveCfg = Debug|Any CPU
		{7F440FD1-8144-4E61-ABCB-CEE31C26DC3F}.Debug|Any CPU.Build.0 = Debug|Any CPU
		{7F440FD1-8144-4E61-ABCB-CEE31C26DC3F}.Release|Any CPU.ActiveCfg = Release|Any CPU
		{7F440FD1-8144-4E61-ABCB-CEE31C26DC3F}.Release|Any CPU.Build.0 = Release|Any CPU
		{C29AE48A-8ED5-4FFD-8A0D-F34261EAF4ED}.Debug|Any CPU.ActiveCfg = Debug|Any CPU
		{C29AE48A-8ED5-4FFD-8A0D-F34261EAF4ED}.Debug|Any CPU.Build.0 = Debug|Any CPU
		{C29AE48A-8ED5-4FFD-8A0D-F34261EAF4ED}.Release|Any CPU.ActiveCfg = Release|Any CPU
		{C29AE48A-8ED5-4FFD-8A0D-F34261EAF4ED}.Release|Any CPU.Build.0 = Release|Any CPU
		{EC5BBC24-DDEF-48CF-8D43-609ED0F91A73}.Debug|Any CPU.ActiveCfg = Debug|Any CPU
		{EC5BBC24-DDEF-48CF-8D43-609ED0F91A73}.Debug|Any CPU.Build.0 = Debug|Any CPU
		{EC5BBC24-DDEF-48CF-8D43-609ED0F91A73}.Release|Any CPU.ActiveCfg = Release|Any CPU
		{EC5BBC24-DDEF-48CF-8D43-609ED0F91A73}.Release|Any CPU.Build.0 = Release|Any CPU
		{3C89DEC0-52A4-4D01-AF4F-9BB6E33312C8}.Debug|Any CPU.ActiveCfg = Debug|Any CPU
		{3C89DEC0-52A4-4D01-AF4F-9BB6E33312C8}.Debug|Any CPU.Build.0 = Debug|Any CPU
		{3C89DEC0-52A4-4D01-AF4F-9BB6E33312C8}.Release|Any CPU.ActiveCfg = Release|Any CPU
		{3C89DEC0-52A4-4D01-AF4F-9BB6E33312C8}.Release|Any CPU.Build.0 = Release|Any CPU
	EndGlobalSection
	GlobalSection(NestedProjects) = preSolution
		{2FDC7C44-B641-4130-9DB5-E4F99EA11E7D} = {6A35637E-2731-4C16-8476-14E3E5D026E5}
		{7F440FD1-8144-4E61-ABCB-CEE31C26DC3F} = {6A35637E-2731-4C16-8476-14E3E5D026E5}
		{C29AE48A-8ED5-4FFD-8A0D-F34261EAF4ED} = {6A35637E-2731-4C16-8476-14E3E5D026E5}
		{EC5BBC24-DDEF-48CF-8D43-609ED0F91A73} = {6A35637E-2731-4C16-8476-14E3E5D026E5}
		{3C89DEC0-52A4-4D01-AF4F-9BB6E33312C8} = {2FE164F9-FDCD-48DF-8D5F-2659AA2FB123}
	EndGlobalSection
EndGlobal
